
Microsoft Visual Studio Solution File, Format Version 12.00
# Visual Studio Version 17
VisualStudioVersion = 17.3.32922.545
MinimumVisualStudioVersion = 10.0.40219.1
Project("{FAE04EC0-301F-11D3-BF4B-00C04F79EFBC}") = "PromptAutomation", "PromptAutomation\PromptAutomation.csproj", "{D1666DD0-85D6-496A-8F70-66F1D786298B}"
EndProject
Global
	GlobalSection(SolutionConfigurationPlatforms) = preSolution
		Debug|Any CPU = Debug|Any CPU
		Release|Any CPU = Release|Any CPU
	EndGlobalSection
	GlobalSection(ProjectConfigurationPlatforms) = postSolution
		{D1666DD0-85D6-496A-8F70-66F1D786298B}.Debug|Any CPU.ActiveCfg = Debug|Any CPU
		{D1666DD0-85D6-496A-8F70-66F1D786298B}.Debug|Any CPU.Build.0 = Debug|Any CPU
		{D1666DD0-85D6-496A-8F70-66F1D786298B}.Release|Any CPU.ActiveCfg = Release|Any CPU
		{D1666DD0-85D6-496A-8F70-66F1D786298B}.Release|Any CPU.Build.0 = Release|Any CPU
	EndGlobalSection
	GlobalSection(SolutionProperties) = preSolution
		HideSolutionNode = FALSE
	EndGlobalSection
	GlobalSection(ExtensibilityGlobals) = postSolution
		SolutionGuid = {F46B5C30-C914-433C-9992-AD3B00C7CC7E}
	EndGlobalSection
EndGlobal
